
Microsoft Visual Studio Solution File, Format Version 12.00
# Visual Studio Version 17
VisualStudioVersion = 17.1.32210.238
MinimumVisualStudioVersion = 10.0.40219.1
Project("{FAE04EC0-301F-11D3-BF4B-00C04F79EFBC}") = "(Not)Trojan", "(Not)Trojan\(Not)Trojan.csproj", "{F06D81C0-34D7-4866-874C-E727FA6C5B23}"
EndProject
Global
	GlobalSection(SolutionConfigurationPlatforms) = preSolution
		Debug|Any CPU = Debug|Any CPU
		Release|Any CPU = Release|Any CPU
	EndGlobalSection
	GlobalSection(ProjectConfigurationPlatforms) = postSolution
		{F06D81C0-34D7-4866-874C-E727FA6C5B23}.Debug|Any CPU.ActiveCfg = Debug|Any CPU
		{F06D81C0-34D7-4866-874C-E727FA6C5B23}.Debug|Any CPU.Build.0 = Debug|Any CPU
		{F06D81C0-34D7-4866-874C-E727FA6C5B23}.Release|Any CPU.ActiveCfg = Release|Any CPU
		{F06D81C0-34D7-4866-874C-E727FA6C5B23}.Release|Any CPU.Build.0 = Release|Any CPU
	EndGlobalSection
	GlobalSection(SolutionProperties) = preSolution
		HideSolutionNode = FALSE
	EndGlobalSection
	GlobalSection(ExtensibilityGlobals) = postSolution
		SolutionGuid = {63DEDF80-1797-4850-B412-1EBAC14F82E1}
	EndGlobalSection
EndGlobal
